
Microsoft Visual Studio Solution File, Format Version 12.00
Project("{FAE04EC0-301F-11D3-BF4B-00C04F79EFBC}") = "Test", "Test\Test.csproj", "{C057CC78-40D9-439B-88A4-9B1619E27FDE}"
EndProject
Global
	GlobalSection(SolutionConfigurationPlatforms) = preSolution
		Debug|Any CPU = Debug|Any CPU
		Release|Any CPU = Release|Any CPU
	EndGlobalSection
	GlobalSection(ProjectConfigurationPlatforms) = postSolution
		{C057CC78-40D9-439B-88A4-9B1619E27FDE}.Debug|Any CPU.ActiveCfg = Debug|Any CPU
		{C057CC78-40D9-439B-88A4-9B1619E27FDE}.Debug|Any CPU.Build.0 = Debug|Any CPU
		{C057CC78-40D9-439B-88A4-9B1619E27FDE}.Release|Any CPU.ActiveCfg = Release|Any CPU
		{C057CC78-40D9-439B-88A4-9B1619E27FDE}.Release|Any CPU.Build.0 = Release|Any CPU
	EndGlobalSection
EndGlobal
